
Microsoft Visual Studio Solution File, Format Version 12.00
# Visual Studio Version 17
VisualStudioVersion = 17.0.31612.314
MinimumVisualStudioVersion = 10.0.40219.1
Project("{FAE04EC0-301F-11D3-BF4B-00C04F79EFBC}") = "Dividir", "Dividir\Dividir.csproj", "{ED01F1F0-1357-45B6-A21A-707B0293FDA5}"
EndProject
Global
	GlobalSection(SolutionConfigurationPlatforms) = preSolution
		Debug|Any CPU = Debug|Any CPU
		Release|Any CPU = Release|Any CPU
	EndGlobalSection
	GlobalSection(ProjectConfigurationPlatforms) = postSolution
		{ED01F1F0-1357-45B6-A21A-707B0293FDA5}.Debug|Any CPU.ActiveCfg = Debug|Any CPU
		{ED01F1F0-1357-45B6-A21A-707B0293FDA5}.Debug|Any CPU.Build.0 = Debug|Any CPU
		{ED01F1F0-1357-45B6-A21A-707B0293FDA5}.Release|Any CPU.ActiveCfg = Release|Any CPU
		{ED01F1F0-1357-45B6-A21A-707B0293FDA5}.Release|Any CPU.Build.0 = Release|Any CPU
	EndGlobalSection
	GlobalSection(SolutionProperties) = preSolution
		HideSolutionNode = FALSE
	EndGlobalSection
	GlobalSection(ExtensibilityGlobals) = postSolution
		SolutionGuid = {EDFDF1CC-22B8-4777-96AD-E1076CB7B702}
	EndGlobalSection
EndGlobal
